
Microsoft Visual Studio Solution File, Format Version 12.00
# Visual Studio 14
VisualStudioVersion = 14.0.25420.1
MinimumVisualStudioVersion = 10.0.40219.1
Project("{FAE04EC0-301F-11D3-BF4B-00C04F79EFBC}") = "Taginitialize", "Taginitialize\Taginitialize.csproj", "{FC927CC4-DD52-42F7-984C-8B451A6AFE62}"
EndProject
Project("{FAE04EC0-301F-11D3-BF4B-00C04F79EFBC}") = "RFIDStation", "..\RFIDStation\RFIDStation.csproj", "{20A41520-3070-4528-86B7-95761381BC24}"
EndProject
Project("{FAE04EC0-301F-11D3-BF4B-00C04F79EFBC}") = "Infrastructure", "Infrastructure\Infrastructure.csproj", "{F2BAA590-5457-4EC3-8DEC-F5023B7E1CBE}"
EndProject
Project("{6141683F-8A12-4E36-9623-2EB02B2C2303}") = "Setup1", "Setup1\Setup1.isproj", "{0736689B-B024-4D17-BEFE-D97386D165A1}"
EndProject
Global
	GlobalSection(SolutionConfigurationPlatforms) = preSolution
		CD_ROM|Any CPU = CD_ROM|Any CPU
		Debug|Any CPU = Debug|Any CPU
		DVD-5|Any CPU = DVD-5|Any CPU
		Release|Any CPU = Release|Any CPU
		SingleImage|Any CPU = SingleImage|Any CPU
	EndGlobalSection
	GlobalSection(ProjectConfigurationPlatforms) = postSolution
		{FC927CC4-DD52-42F7-984C-8B451A6AFE62}.CD_ROM|Any CPU.ActiveCfg = Release|Any CPU
		{FC927CC4-DD52-42F7-984C-8B451A6AFE62}.CD_ROM|Any CPU.Build.0 = Release|Any CPU
		{FC927CC4-DD52-42F7-984C-8B451A6AFE62}.Debug|Any CPU.ActiveCfg = Debug|Any CPU
		{FC927CC4-DD52-42F7-984C-8B451A6AFE62}.Debug|Any CPU.Build.0 = Debug|Any CPU
		{FC927CC4-DD52-42F7-984C-8B451A6AFE62}.DVD-5|Any CPU.ActiveCfg = Debug|Any CPU
		{FC927CC4-DD52-42F7-984C-8B451A6AFE62}.DVD-5|Any CPU.Build.0 = Debug|Any CPU
		{FC927CC4-DD52-42F7-984C-8B451A6AFE62}.Release|Any CPU.ActiveCfg = Release|Any CPU
		{FC927CC4-DD52-42F7-984C-8B451A6AFE62}.Release|Any CPU.Build.0 = Release|Any CPU
		{FC927CC4-DD52-42F7-984C-8B451A6AFE62}.SingleImage|Any CPU.ActiveCfg = Release|Any CPU
		{FC927CC4-DD52-42F7-984C-8B451A6AFE62}.SingleImage|Any CPU.Build.0 = Release|Any CPU
		{20A41520-3070-4528-86B7-95761381BC24}.CD_ROM|Any CPU.ActiveCfg = Release|Any CPU
		{20A41520-3070-4528-86B7-95761381BC24}.CD_ROM|Any CPU.Build.0 = Release|Any CPU
		{20A41520-3070-4528-86B7-95761381BC24}.Debug|Any CPU.ActiveCfg = Debug|Any CPU
		{20A41520-3070-4528-86B7-95761381BC24}.Debug|Any CPU.Build.0 = Debug|Any CPU
		{20A41520-3070-4528-86B7-95761381BC24}.DVD-5|Any CPU.ActiveCfg = Debug|Any CPU
		{20A41520-3070-4528-86B7-95761381BC24}.DVD-5|Any CPU.Build.0 = Debug|Any CPU
		{20A41520-3070-4528-86B7-95761381BC24}.Release|Any CPU.ActiveCfg = Release|Any CPU
		{20A41520-3070-4528-86B7-95761381BC24}.Release|Any CPU.Build.0 = Release|Any CPU
		{20A41520-3070-4528-86B7-95761381BC24}.SingleImage|Any CPU.ActiveCfg = Release|Any CPU
		{20A41520-3070-4528-86B7-95761381BC24}.SingleImage|Any CPU.Build.0 = Release|Any CPU
		{F2BAA590-5457-4EC3-8DEC-F5023B7E1CBE}.CD_ROM|Any CPU.ActiveCfg = Release|Any CPU
		{F2BAA590-5457-4EC3-8DEC-F5023B7E1CBE}.CD_ROM|Any CPU.Build.0 = Release|Any CPU
		{F2BAA590-5457-4EC3-8DEC-F5023B7E1CBE}.Debug|Any CPU.ActiveCfg = Debug|Any CPU
		{F2BAA590-5457-4EC3-8DEC-F5023B7E1CBE}.Debug|Any CPU.Build.0 = Debug|Any CPU
		{F2BAA590-5457-4EC3-8DEC-F5023B7E1CBE}.DVD-5|Any CPU.ActiveCfg = Debug|Any CPU
		{F2BAA590-5457-4EC3-8DEC-F5023B7E1CBE}.DVD-5|Any CPU.Build.0 = Debug|Any CPU
		{F2BAA590-5457-4EC3-8DEC-F5023B7E1CBE}.Release|Any CPU.ActiveCfg = Release|Any CPU
		{F2BAA590-5457-4EC3-8DEC-F5023B7E1CBE}.Release|Any CPU.Build.0 = Release|Any CPU
		{F2BAA590-5457-4EC3-8DEC-F5023B7E1CBE}.SingleImage|Any CPU.ActiveCfg = Release|Any CPU
		{F2BAA590-5457-4EC3-8DEC-F5023B7E1CBE}.SingleImage|Any CPU.Build.0 = Release|Any CPU
		{0736689B-B024-4D17-BEFE-D97386D165A1}.CD_ROM|Any CPU.ActiveCfg = CD_ROM
		{0736689B-B024-4D17-BEFE-D97386D165A1}.CD_ROM|Any CPU.Build.0 = CD_ROM
		{0736689B-B024-4D17-BEFE-D97386D165A1}.Debug|Any CPU.ActiveCfg = DVD-5
		{0736689B-B024-4D17-BEFE-D97386D165A1}.Debug|Any CPU.Build.0 = DVD-5
		{0736689B-B024-4D17-BEFE-D97386D165A1}.DVD-5|Any CPU.ActiveCfg = DVD-5
		{0736689B-B024-4D17-BEFE-D97386D165A1}.DVD-5|Any CPU.Build.0 = DVD-5
		{0736689B-B024-4D17-BEFE-D97386D165A1}.Release|Any CPU.ActiveCfg = SingleImage
		{0736689B-B024-4D17-BEFE-D97386D165A1}.Release|Any CPU.Build.0 = SingleImage
		{0736689B-B024-4D17-BEFE-D97386D165A1}.SingleImage|Any CPU.ActiveCfg = SingleImage
		{0736689B-B024-4D17-BEFE-D97386D165A1}.SingleImage|Any CPU.Build.0 = SingleImage
	EndGlobalSection
	GlobalSection(SolutionProperties) = preSolution
		HideSolutionNode = FALSE
	EndGlobalSection
EndGlobal
